
Microsoft Visual Studio Solution File, Format Version 12.00
# Visual Studio Version 16
VisualStudioVersion = 16.0.29709.97
MinimumVisualStudioVersion = 10.0.40219.1
Project("{FAE04EC0-301F-11D3-BF4B-00C04F79EFBC}") = "Work-2-3", "Work-2-3.csproj", "{0FBBB103-E978-4D52-8230-D9EFFB7E6E50}"
EndProject
Global
	GlobalSection(SolutionConfigurationPlatforms) = preSolution
		Debug|Any CPU = Debug|Any CPU
		Release|Any CPU = Release|Any CPU
	EndGlobalSection
	GlobalSection(ProjectConfigurationPlatforms) = postSolution
		{0FBBB103-E978-4D52-8230-D9EFFB7E6E50}.Debug|Any CPU.ActiveCfg = Debug|Any CPU
		{0FBBB103-E978-4D52-8230-D9EFFB7E6E50}.Debug|Any CPU.Build.0 = Debug|Any CPU
		{0FBBB103-E978-4D52-8230-D9EFFB7E6E50}.Release|Any CPU.ActiveCfg = Release|Any CPU
		{0FBBB103-E978-4D52-8230-D9EFFB7E6E50}.Release|Any CPU.Build.0 = Release|Any CPU
	EndGlobalSection
	GlobalSection(SolutionProperties) = preSolution
		HideSolutionNode = FALSE
	EndGlobalSection
	GlobalSection(ExtensibilityGlobals) = postSolution
		SolutionGuid = {BCD137D9-B8EB-4F58-805E-37862801504C}
	EndGlobalSection
EndGlobal
